
Microsoft Visual Studio Solution File, Format Version 12.00
# Visual Studio Version 17
VisualStudioVersion = 17.4.33205.214
MinimumVisualStudioVersion = 10.0.40219.1
Project("{FAE04EC0-301F-11D3-BF4B-00C04F79EFBC}") = "Library.Data", "Library.Data\Library.Data.csproj", "{B1FEED1F-6AB1-40EF-AA88-EED863084F45}"
EndProject
Project("{FAE04EC0-301F-11D3-BF4B-00C04F79EFBC}") = "Library.BL", "Library.BL\Library.BL.csproj", "{093295C8-421C-4DDC-B3EA-C9E3E8F9C16B}"
EndProject
Project("{FAE04EC0-301F-11D3-BF4B-00C04F79EFBC}") = "Library.Web", "Library.Web\Library.Web.csproj", "{7CAD1560-57F3-4380-9117-ED86FD712D17}"
EndProject
Global
	GlobalSection(SolutionConfigurationPlatforms) = preSolution
		Debug|Any CPU = Debug|Any CPU
		Release|Any CPU = Release|Any CPU
	EndGlobalSection
	GlobalSection(ProjectConfigurationPlatforms) = postSolution
		{B1FEED1F-6AB1-40EF-AA88-EED863084F45}.Debug|Any CPU.ActiveCfg = Debug|Any CPU
		{B1FEED1F-6AB1-40EF-AA88-EED863084F45}.Debug|Any CPU.Build.0 = Debug|Any CPU
		{B1FEED1F-6AB1-40EF-AA88-EED863084F45}.Release|Any CPU.ActiveCfg = Release|Any CPU
		{B1FEED1F-6AB1-40EF-AA88-EED863084F45}.Release|Any CPU.Build.0 = Release|Any CPU
		{093295C8-421C-4DDC-B3EA-C9E3E8F9C16B}.Debug|Any CPU.ActiveCfg = Debug|Any CPU
		{093295C8-421C-4DDC-B3EA-C9E3E8F9C16B}.Debug|Any CPU.Build.0 = Debug|Any CPU
		{093295C8-421C-4DDC-B3EA-C9E3E8F9C16B}.Release|Any CPU.ActiveCfg = Release|Any CPU
		{093295C8-421C-4DDC-B3EA-C9E3E8F9C16B}.Release|Any CPU.Build.0 = Release|Any CPU
		{7CAD1560-57F3-4380-9117-ED86FD712D17}.Debug|Any CPU.ActiveCfg = Debug|Any CPU
		{7CAD1560-57F3-4380-9117-ED86FD712D17}.Debug|Any CPU.Build.0 = Debug|Any CPU
		{7CAD1560-57F3-4380-9117-ED86FD712D17}.Release|Any CPU.ActiveCfg = Release|Any CPU
		{7CAD1560-57F3-4380-9117-ED86FD712D17}.Release|Any CPU.Build.0 = Release|Any CPU
	EndGlobalSection
	GlobalSection(SolutionProperties) = preSolution
		HideSolutionNode = FALSE
	EndGlobalSection
	GlobalSection(ExtensibilityGlobals) = postSolution
		SolutionGuid = {856229B6-83DF-413C-9640-6CF6F7539EBB}
	EndGlobalSection
EndGlobal
